
Microsoft Visual Studio Solution File, Format Version 12.00
# Visual Studio Version 16
VisualStudioVersion = 16.0.31005.135
MinimumVisualStudioVersion = 10.0.40219.1
Project("{F184B08F-C81C-45F6-A57F-5ABD9991F28F}") = "ESPOWebApp", "ESPOWebApp.vbproj", "{EBE05A4F-E1AC-46C9-9023-9C34B0611B31}"
EndProject
Project("{F184B08F-C81C-45F6-A57F-5ABD9991F28F}") = "ESPOWebAppMDI", "ESPOWebAppMDI\ESPOWebAppMDI.vbproj", "{A035F624-FDE6-4206-9B7A-8AA92A09E547}"
EndProject
Global
	GlobalSection(SolutionConfigurationPlatforms) = preSolution
		Debug|Any CPU = Debug|Any CPU
		Release|Any CPU = Release|Any CPU
	EndGlobalSection
	GlobalSection(ProjectConfigurationPlatforms) = postSolution
		{EBE05A4F-E1AC-46C9-9023-9C34B0611B31}.Debug|Any CPU.ActiveCfg = Debug|Any CPU
		{EBE05A4F-E1AC-46C9-9023-9C34B0611B31}.Debug|Any CPU.Build.0 = Debug|Any CPU
		{EBE05A4F-E1AC-46C9-9023-9C34B0611B31}.Release|Any CPU.ActiveCfg = Release|Any CPU
		{EBE05A4F-E1AC-46C9-9023-9C34B0611B31}.Release|Any CPU.Build.0 = Release|Any CPU
		{A035F624-FDE6-4206-9B7A-8AA92A09E547}.Debug|Any CPU.ActiveCfg = Debug|Any CPU
		{A035F624-FDE6-4206-9B7A-8AA92A09E547}.Debug|Any CPU.Build.0 = Debug|Any CPU
		{A035F624-FDE6-4206-9B7A-8AA92A09E547}.Release|Any CPU.ActiveCfg = Release|Any CPU
		{A035F624-FDE6-4206-9B7A-8AA92A09E547}.Release|Any CPU.Build.0 = Release|Any CPU
	EndGlobalSection
	GlobalSection(SolutionProperties) = preSolution
		HideSolutionNode = FALSE
	EndGlobalSection
	GlobalSection(ExtensibilityGlobals) = postSolution
		SolutionGuid = {50E7B269-E2F9-4504-82DE-AA2F9A66D12D}
	EndGlobalSection
EndGlobal
